
Microsoft Visual Studio Solution File, Format Version 12.00
# Visual Studio Version 17
VisualStudioVersion = 17.11.35222.181
MinimumVisualStudioVersion = 10.0.40219.1
Project("{FAE04EC0-301F-11D3-BF4B-00C04F79EFBC}") = "WICDirectAPI", "WICDirectAPI\WICDirectAPI.csproj", "{0907B9BE-D37F-4A83-86AE-E86BB83153B7}"
EndProject
Project("{2150E333-8FDC-42A3-9474-1A3956D46DE8}") = "src", "src", "{36165BD2-A704-491A-BF4E-6EC45EA4B313}"
EndProject
Project("{2150E333-8FDC-42A3-9474-1A3956D46DE8}") = "Core", "Core", "{6A0F954A-AB4B-4FAB-B445-14684551070B}"
EndProject
Project("{2150E333-8FDC-42A3-9474-1A3956D46DE8}") = "Infraestructure", "Infraestructure", "{05323566-3A2F-43FF-9B98-A2B0B082AE2E}"
EndProject
Project("{2150E333-8FDC-42A3-9474-1A3956D46DE8}") = "Presenttion", "Presenttion", "{F7B18A70-9405-438C-A8E3-1626CAC2A813}"
EndProject
Project("{2150E333-8FDC-42A3-9474-1A3956D46DE8}") = "Shared", "Shared", "{8808347E-8E85-4CD7-9A52-A15A6FC2B802}"
EndProject
Project("{FAE04EC0-301F-11D3-BF4B-00C04F79EFBC}") = "Common", "Common\Common.csproj", "{4E3BB633-DAC0-45B2-A29A-1BEDAFD7CC70}"
EndProject
Project("{FAE04EC0-301F-11D3-BF4B-00C04F79EFBC}") = "Persistence", "Persistence\Persistence.csproj", "{61CB9FD2-92CD-468C-B395-92C6954DFC08}"
EndProject
Project("{FAE04EC0-301F-11D3-BF4B-00C04F79EFBC}") = "Application", "Application\Application.csproj", "{A75AEFD2-07A3-4DAB-B798-7F6B9C55E386}"
EndProject
Project("{FAE04EC0-301F-11D3-BF4B-00C04F79EFBC}") = "Domain", "Domain\Domain.csproj", "{E7F6BBCA-79D1-4D02-B08A-E72C59C530E6}"
EndProject
Global
	GlobalSection(SolutionConfigurationPlatforms) = preSolution
		Debug|Any CPU = Debug|Any CPU
		Release|Any CPU = Release|Any CPU
	EndGlobalSection
	GlobalSection(ProjectConfigurationPlatforms) = postSolution
		{0907B9BE-D37F-4A83-86AE-E86BB83153B7}.Debug|Any CPU.ActiveCfg = Debug|Any CPU
		{0907B9BE-D37F-4A83-86AE-E86BB83153B7}.Debug|Any CPU.Build.0 = Debug|Any CPU
		{0907B9BE-D37F-4A83-86AE-E86BB83153B7}.Release|Any CPU.ActiveCfg = Release|Any CPU
		{0907B9BE-D37F-4A83-86AE-E86BB83153B7}.Release|Any CPU.Build.0 = Release|Any CPU
		{4E3BB633-DAC0-45B2-A29A-1BEDAFD7CC70}.Debug|Any CPU.ActiveCfg = Debug|Any CPU
		{4E3BB633-DAC0-45B2-A29A-1BEDAFD7CC70}.Debug|Any CPU.Build.0 = Debug|Any CPU
		{4E3BB633-DAC0-45B2-A29A-1BEDAFD7CC70}.Release|Any CPU.ActiveCfg = Release|Any CPU
		{4E3BB633-DAC0-45B2-A29A-1BEDAFD7CC70}.Release|Any CPU.Build.0 = Release|Any CPU
		{61CB9FD2-92CD-468C-B395-92C6954DFC08}.Debug|Any CPU.ActiveCfg = Debug|Any CPU
		{61CB9FD2-92CD-468C-B395-92C6954DFC08}.Debug|Any CPU.Build.0 = Debug|Any CPU
		{61CB9FD2-92CD-468C-B395-92C6954DFC08}.Release|Any CPU.ActiveCfg = Release|Any CPU
		{61CB9FD2-92CD-468C-B395-92C6954DFC08}.Release|Any CPU.Build.0 = Release|Any CPU
		{A75AEFD2-07A3-4DAB-B798-7F6B9C55E386}.Debug|Any CPU.ActiveCfg = Debug|Any CPU
		{A75AEFD2-07A3-4DAB-B798-7F6B9C55E386}.Debug|Any CPU.Build.0 = Debug|Any CPU
		{A75AEFD2-07A3-4DAB-B798-7F6B9C55E386}.Release|Any CPU.ActiveCfg = Release|Any CPU
		{A75AEFD2-07A3-4DAB-B798-7F6B9C55E386}.Release|Any CPU.Build.0 = Release|Any CPU
		{E7F6BBCA-79D1-4D02-B08A-E72C59C530E6}.Debug|Any CPU.ActiveCfg = Debug|Any CPU
		{E7F6BBCA-79D1-4D02-B08A-E72C59C530E6}.Debug|Any CPU.Build.0 = Debug|Any CPU
		{E7F6BBCA-79D1-4D02-B08A-E72C59C530E6}.Release|Any CPU.ActiveCfg = Release|Any CPU
		{E7F6BBCA-79D1-4D02-B08A-E72C59C530E6}.Release|Any CPU.Build.0 = Release|Any CPU
	EndGlobalSection
	GlobalSection(SolutionProperties) = preSolution
		HideSolutionNode = FALSE
	EndGlobalSection
	GlobalSection(NestedProjects) = preSolution
		{0907B9BE-D37F-4A83-86AE-E86BB83153B7} = {F7B18A70-9405-438C-A8E3-1626CAC2A813}
		{6A0F954A-AB4B-4FAB-B445-14684551070B} = {36165BD2-A704-491A-BF4E-6EC45EA4B313}
		{05323566-3A2F-43FF-9B98-A2B0B082AE2E} = {36165BD2-A704-491A-BF4E-6EC45EA4B313}
		{F7B18A70-9405-438C-A8E3-1626CAC2A813} = {36165BD2-A704-491A-BF4E-6EC45EA4B313}
		{8808347E-8E85-4CD7-9A52-A15A6FC2B802} = {36165BD2-A704-491A-BF4E-6EC45EA4B313}
		{4E3BB633-DAC0-45B2-A29A-1BEDAFD7CC70} = {8808347E-8E85-4CD7-9A52-A15A6FC2B802}
		{61CB9FD2-92CD-468C-B395-92C6954DFC08} = {05323566-3A2F-43FF-9B98-A2B0B082AE2E}
		{A75AEFD2-07A3-4DAB-B798-7F6B9C55E386} = {6A0F954A-AB4B-4FAB-B445-14684551070B}
		{E7F6BBCA-79D1-4D02-B08A-E72C59C530E6} = {6A0F954A-AB4B-4FAB-B445-14684551070B}
	EndGlobalSection
	GlobalSection(ExtensibilityGlobals) = postSolution
		SolutionGuid = {81337CBD-ED8C-4FCD-BF5B-6545B27785B2}
	EndGlobalSection
EndGlobal
